// !$*UTF8*$!
{
	archiveVersion = 1;
	classes = {
	};
	objectVersion = 48;
	objects = {

/* Begin PBXBuildFile section */
		01B2591688E3E54EB431D1D0 /* libPods-SoccerPongTests.a in Frameworks */ = {isa = PBXBuildFile; fileRef = 875C4CACBF394CB3A9B92368 /* libPods-SoccerPongTests.a */; };
		595C5A261E65E202C8B5CAC7 /* libPods-SoccerPongUITests.a in Frameworks */ = {isa = PBXBuildFile; fileRef = 4B70940312E81795164418F5 /* libPods-SoccerPongUITests.a */; };
		7903794720D96790006D60D2 /* singlePlayer.swift in Sources */ = {isa = PBXBuildFile; fileRef = 7903794620D96790006D60D2 /* singlePlayer.swift */; };
		7903794920D96D83006D60D2 /* multiplayer.swift in Sources */ = {isa = PBXBuildFile; fileRef = 7903794820D96D83006D60D2 /* multiplayer.swift */; };
		791D42C1209238D6004A8275 /* GoogleService-Info.plist in Resources */ = {isa = PBXBuildFile; fileRef = 791D42C0209238D5004A8275 /* GoogleService-Info.plist */; };
		791D42C320923AF8004A8275 /* playerSelection.swift in Sources */ = {isa = PBXBuildFile; fileRef = 791D42C220923AF8004A8275 /* playerSelection.swift */; };
		795C2CD81FFC216300D19BA9 /* AppDelegate.swift in Sources */ = {isa = PBXBuildFile; fileRef = 795C2CD71FFC216300D19BA9 /* AppDelegate.swift */; };
		795C2CDA1FFC216300D19BA9 /* soloPlay.sks in Resources */ = {isa = PBXBuildFile; fileRef = 795C2CD91FFC216300D19BA9 /* soloPlay.sks */; };
		795C2CDC1FFC216300D19BA9 /* Actions.sks in Resources */ = {isa = PBXBuildFile; fileRef = 795C2CDB1FFC216300D19BA9 /* Actions.sks */; };
		795C2CDE1FFC216300D19BA9 /* soloPlay.swift in Sources */ = {isa = PBXBuildFile; fileRef = 795C2CDD1FFC216300D19BA9 /* soloPlay.swift */; };
		795C2CE01FFC216300D19BA9 /* soloPlayLauncher.swift in Sources */ = {isa = PBXBuildFile; fileRef = 795C2CDF1FFC216300D19BA9 /* soloPlayLauncher.swift */; };
		795C2CE31FFC216300D19BA9 /* Main.storyboard in Resources */ = {isa = PBXBuildFile; fileRef = 795C2CE11FFC216300D19BA9 /* Main.storyboard */; };
		795C2CE51FFC216300D19BA9 /* Assets.xcassets in Resources */ = {isa = PBXBuildFile; fileRef = 795C2CE41FFC216300D19BA9 /* Assets.xcassets */; };
		795C2CE81FFC216300D19BA9 /* LaunchScreen.storyboard in Resources */ = {isa = PBXBuildFile; fileRef = 795C2CE61FFC216300D19BA9 /* LaunchScreen.storyboard */; };
		795C2CF31FFC216300D19BA9 /* PongTests.swift in Sources */ = {isa = PBXBuildFile; fileRef = 795C2CF21FFC216300D19BA9 /* PongTests.swift */; };
		795C2CFE1FFC216300D19BA9 /* PongUITests.swift in Sources */ = {isa = PBXBuildFile; fileRef = 795C2CFD1FFC216300D19BA9 /* PongUITests.swift */; };
		795C2D0C1FFC234700D19BA9 /* Ball.png in Resources */ = {isa = PBXBuildFile; fileRef = 795C2D0B1FFC234700D19BA9 /* Ball.png */; };
		798CD93E200F1DF6008290B4 /* menu.swift in Sources */ = {isa = PBXBuildFile; fileRef = 798CD93D200F1DF6008290B4 /* menu.swift */; };
		79BB739A20DAB6F300AFAA49 /* multiPlay.swift in Sources */ = {isa = PBXBuildFile; fileRef = 79BB739920DAB6F300AFAA49 /* multiPlay.swift */; };
		79BB739C20DAB8B100AFAA49 /* multiPlayer.sks in Resources */ = {isa = PBXBuildFile; fileRef = 79BB739B20DAB8B100AFAA49 /* multiPlayer.sks */; };
		79BB739E20DABB0100AFAA49 /* multiPlayLauncher.swift in Sources */ = {isa = PBXBuildFile; fileRef = 79BB739D20DABB0100AFAA49 /* multiPlayLauncher.swift */; };
		79BE0FA42034EEF4008FCC2F /* ball.swift in Sources */ = {isa = PBXBuildFile; fileRef = 79BE0FA32034EEF4008FCC2F /* ball.swift */; };
		79D98E8D20D85979004432D3 /* soccerPong.swift in Sources */ = {isa = PBXBuildFile; fileRef = 79D98E8C20D85979004432D3 /* soccerPong.swift */; };
		A8FF20CD2E4C8435A515DC5D /* libPods-SoccerPong.a in Frameworks */ = {isa = PBXBuildFile; fileRef = EC45EFC8B3B57B12F63459D5 /* libPods-SoccerPong.a */; };
/* End PBXBuildFile section */

/* Begin PBXContainerItemProxy section */
		795C2CEF1FFC216300D19BA9 /* PBXContainerItemProxy */ = {
			isa = PBXContainerItemProxy;
			containerPortal = 795C2CCC1FFC216300D19BA9 /* Project object */;
			proxyType = 1;
			remoteGlobalIDString = 795C2CD31FFC216300D19BA9;
			remoteInfo = Pong;
		};
		795C2CFA1FFC216300D19BA9 /* PBXContainerItemProxy */ = {
			isa = PBXContainerItemProxy;
			containerPortal = 795C2CCC1FFC216300D19BA9 /* Project object */;
			proxyType = 1;
			remoteGlobalIDString = 795C2CD31FFC216300D19BA9;
			remoteInfo = Pong;
		};
/* End PBXContainerItemProxy section */

/* Begin PBXFileReference section */
		05428D5F5355287AE432C794 /* Pods-SoccerPong.release.xcconfig */ = {isa = PBXFileReference; includeInIndex = 1; lastKnownFileType = text.xcconfig; name = "Pods-SoccerPong.release.xcconfig"; path = "Pods/Target Support Files/Pods-SoccerPong/Pods-SoccerPong.release.xcconfig"; sourceTree = "<group>"; };
		1F92EA2A373B1CB20952D9A8 /* Pods-SoccerPongTests.debug.xcconfig */ = {isa = PBXFileReference; includeInIndex = 1; lastKnownFileType = text.xcconfig; name = "Pods-SoccerPongTests.debug.xcconfig"; path = "Pods/Target Support Files/Pods-SoccerPongTests/Pods-SoccerPongTests.debug.xcconfig"; sourceTree = "<group>"; };
		4B70940312E81795164418F5 /* libPods-SoccerPongUITests.a */ = {isa = PBXFileReference; explicitFileType = archive.ar; includeInIndex = 0; path = "libPods-SoccerPongUITests.a"; sourceTree = BUILT_PRODUCTS_DIR; };
		5EE85E170A80E6E8F319F4FB /* Pods-SoccerPongTests.release.xcconfig */ = {isa = PBXFileReference; includeInIndex = 1; lastKnownFileType = text.xcconfig; name = "Pods-SoccerPongTests.release.xcconfig"; path = "Pods/Target Support Files/Pods-SoccerPongTests/Pods-SoccerPongTests.release.xcconfig"; sourceTree = "<group>"; };
		7903794620D96790006D60D2 /* singlePlayer.swift */ = {isa = PBXFileReference; lastKnownFileType = sourcecode.swift; path = singlePlayer.swift; sourceTree = "<group>"; };
		7903794820D96D83006D60D2 /* multiplayer.swift */ = {isa = PBXFileReference; lastKnownFileType = sourcecode.swift; path = multiplayer.swift; sourceTree = "<group>"; };
		791D42C0209238D5004A8275 /* GoogleService-Info.plist */ = {isa = PBXFileReference; fileEncoding = 4; lastKnownFileType = text.plist.xml; path = "GoogleService-Info.plist"; sourceTree = SOURCE_ROOT; };
		791D42C220923AF8004A8275 /* playerSelection.swift */ = {isa = PBXFileReference; lastKnownFileType = sourcecode.swift; path = playerSelection.swift; sourceTree = "<group>"; };
		795C2CD41FFC216300D19BA9 /* SoccerPong.app */ = {isa = PBXFileReference; explicitFileType = wrapper.application; includeInIndex = 0; path = SoccerPong.app; sourceTree = BUILT_PRODUCTS_DIR; };
		795C2CD71FFC216300D19BA9 /* AppDelegate.swift */ = {isa = PBXFileReference; lastKnownFileType = sourcecode.swift; path = AppDelegate.swift; sourceTree = "<group>"; };
		795C2CD91FFC216300D19BA9 /* soloPlay.sks */ = {isa = PBXFileReference; lastKnownFileType = file.sks; path = soloPlay.sks; sourceTree = "<group>"; };
		795C2CDB1FFC216300D19BA9 /* Actions.sks */ = {isa = PBXFileReference; lastKnownFileType = file.sks; path = Actions.sks; sourceTree = "<group>"; };
		795C2CDD1FFC216300D19BA9 /* soloPlay.swift */ = {isa = PBXFileReference; lastKnownFileType = sourcecode.swift; path = soloPlay.swift; sourceTree = "<group>"; };
		795C2CDF1FFC216300D19BA9 /* soloPlayLauncher.swift */ = {isa = PBXFileReference; lastKnownFileType = sourcecode.swift; path = soloPlayLauncher.swift; sourceTree = "<group>"; };
		795C2CE21FFC216300D19BA9 /* Base */ = {isa = PBXFileReference; lastKnownFileType = file.storyboard; name = Base; path = Base.lproj/Main.storyboard; sourceTree = "<group>"; };
		795C2CE41FFC216300D19BA9 /* Assets.xcassets */ = {isa = PBXFileReference; lastKnownFileType = folder.assetcatalog; path = Assets.xcassets; sourceTree = "<group>"; };
		795C2CE71FFC216300D19BA9 /* Base */ = {isa = PBXFileReference; lastKnownFileType = file.storyboard; name = Base; path = Base.lproj/LaunchScreen.storyboard; sourceTree = "<group>"; };
		795C2CE91FFC216300D19BA9 /* Info.plist */ = {isa = PBXFileReference; lastKnownFileType = text.plist.xml; path = Info.plist; sourceTree = "<group>"; };
		795C2CEE1FFC216300D19BA9 /* SoccerPongTests.xctest */ = {isa = PBXFileReference; explicitFileType = wrapper.cfbundle; includeInIndex = 0; path = SoccerPongTests.xctest; sourceTree = BUILT_PRODUCTS_DIR; };
		795C2CF21FFC216300D19BA9 /* PongTests.swift */ = {isa = PBXFileReference; lastKnownFileType = sourcecode.swift; path = PongTests.swift; sourceTree = "<group>"; };
		795C2CF41FFC216300D19BA9 /* Info.plist */ = {isa = PBXFileReference; lastKnownFileType = text.plist.xml; path = Info.plist; sourceTree = "<group>"; };
		795C2CF91FFC216300D19BA9 /* SoccerPongUITests.xctest */ = {isa = PBXFileReference; explicitFileType = wrapper.cfbundle; includeInIndex = 0; path = SoccerPongUITests.xctest; sourceTree = BUILT_PRODUCTS_DIR; };
		795C2CFD1FFC216300D19BA9 /* PongUITests.swift */ = {isa = PBXFileReference; lastKnownFileType = sourcecode.swift; path = PongUITests.swift; sourceTree = "<group>"; };
		795C2CFF1FFC216300D19BA9 /* Info.plist */ = {isa = PBXFileReference; lastKnownFileType = text.plist.xml; path = Info.plist; sourceTree = "<group>"; };
		795C2D0B1FFC234700D19BA9 /* Ball.png */ = {isa = PBXFileReference; lastKnownFileType = image.png; name = Ball.png; path = Assets.xcassets/Ball.png; sourceTree = "<group>"; };
		798CD93D200F1DF6008290B4 /* menu.swift */ = {isa = PBXFileReference; fileEncoding = 4; lastKnownFileType = sourcecode.swift; path = menu.swift; sourceTree = "<group>"; };
		79BB739920DAB6F300AFAA49 /* multiPlay.swift */ = {isa = PBXFileReference; lastKnownFileType = sourcecode.swift; path = multiPlay.swift; sourceTree = "<group>"; };
		79BB739B20DAB8B100AFAA49 /* multiPlayer.sks */ = {isa = PBXFileReference; lastKnownFileType = file.sks; path = multiPlayer.sks; sourceTree = "<group>"; };
		79BB739D20DABB0100AFAA49 /* multiPlayLauncher.swift */ = {isa = PBXFileReference; lastKnownFileType = sourcecode.swift; path = multiPlayLauncher.swift; sourceTree = "<group>"; };
		79BE0FA32034EEF4008FCC2F /* ball.swift */ = {isa = PBXFileReference; lastKnownFileType = sourcecode.swift; path = ball.swift; sourceTree = "<group>"; };
		79D98E8C20D85979004432D3 /* soccerPong.swift */ = {isa = PBXFileReference; lastKnownFileType = sourcecode.swift; path = soccerPong.swift; sourceTree = "<group>"; };
		875C4CACBF394CB3A9B92368 /* libPods-SoccerPongTests.a */ = {isa = PBXFileReference; explicitFileType = archive.ar; includeInIndex = 0; path = "libPods-SoccerPongTests.a"; sourceTree = BUILT_PRODUCTS_DIR; };
		AF6188835F943A0F22FD2E3C /* Pods-SoccerPongUITests.debug.xcconfig */ = {isa = PBXFileReference; includeInIndex = 1; lastKnownFileType = text.xcconfig; name = "Pods-SoccerPongUITests.debug.xcconfig"; path = "Pods/Target Support Files/Pods-SoccerPongUITests/Pods-SoccerPongUITests.debug.xcconfig"; sourceTree = "<group>"; };
		DD13CA35522D18A6112AE50A /* Pods-SoccerPong.debug.xcconfig */ = {isa = PBXFileReference; includeInIndex = 1; lastKnownFileType = text.xcconfig; name = "Pods-SoccerPong.debug.xcconfig"; path = "Pods/Target Support Files/Pods-SoccerPong/Pods-SoccerPong.debug.xcconfig"; sourceTree = "<group>"; };
		E2308F32377B8EC3B4D75FF8 /* Pods-SoccerPongUITests.release.xcconfig */ = {isa = PBXFileReference; includeInIndex = 1; lastKnownFileType = text.xcconfig; name = "Pods-SoccerPongUITests.release.xcconfig"; path = "Pods/Target Support Files/Pods-SoccerPongUITests/Pods-SoccerPongUITests.release.xcconfig"; sourceTree = "<group>"; };
		EC45EFC8B3B57B12F63459D5 /* libPods-SoccerPong.a */ = {isa = PBXFileReference; explicitFileType = archive.ar; includeInIndex = 0; path = "libPods-SoccerPong.a"; sourceTree = BUILT_PRODUCTS_DIR; };
/* End PBXFileReference section */

/* Begin PBXFrameworksBuildPhase section */
		795C2CD11FFC216300D19BA9 /* Frameworks */ = {
			isa = PBXFrameworksBuildPhase;
			buildActionMask = 2147483647;
			files = (
				A8FF20CD2E4C8435A515DC5D /* libPods-SoccerPong.a in Frameworks */,
			);
			runOnlyForDeploymentPostprocessing = 0;
		};
		795C2CEB1FFC216300D19BA9 /* Frameworks */ = {
			isa = PBXFrameworksBuildPhase;
			buildActionMask = 2147483647;
			files = (
				01B2591688E3E54EB431D1D0 /* libPods-SoccerPongTests.a in Frameworks */,
			);
			runOnlyForDeploymentPostprocessing = 0;
		};
		795C2CF61FFC216300D19BA9 /* Frameworks */ = {
			isa = PBXFrameworksBuildPhase;
			buildActionMask = 2147483647;
			files = (
				595C5A261E65E202C8B5CAC7 /* libPods-SoccerPongUITests.a in Frameworks */,
			);
			runOnlyForDeploymentPostprocessing = 0;
		};
/* End PBXFrameworksBuildPhase section */

/* Begin PBXGroup section */
		795C2CCB1FFC216300D19BA9 = {
			isa = PBXGroup;
			children = (
				795C2CD61FFC216300D19BA9 /* SoccerPong */,
				795C2CF11FFC216300D19BA9 /* SoccerPongTests */,
				795C2CFC1FFC216300D19BA9 /* SoccerPongUITests */,
				795C2CD51FFC216300D19BA9 /* Products */,
				90F71627AB3BF487945A83B3 /* Pods */,
				FA0D8E477D29C77CB47C71B3 /* Frameworks */,
			);
			sourceTree = "<group>";
		};
		795C2CD51FFC216300D19BA9 /* Products */ = {
			isa = PBXGroup;
			children = (
				795C2CD41FFC216300D19BA9 /* SoccerPong.app */,
				795C2CEE1FFC216300D19BA9 /* SoccerPongTests.xctest */,
				795C2CF91FFC216300D19BA9 /* SoccerPongUITests.xctest */,
			);
			name = Products;
			sourceTree = "<group>";
		};
		795C2CD61FFC216300D19BA9 /* SoccerPong */ = {
			isa = PBXGroup;
			children = (
				791D42C0209238D5004A8275 /* GoogleService-Info.plist */,
				795C2CD71FFC216300D19BA9 /* AppDelegate.swift */,
				795C2CD91FFC216300D19BA9 /* soloPlay.sks */,
				79BB739B20DAB8B100AFAA49 /* multiPlayer.sks */,
				798CD93D200F1DF6008290B4 /* menu.swift */,
				795C2CDB1FFC216300D19BA9 /* Actions.sks */,
				795C2CDD1FFC216300D19BA9 /* soloPlay.swift */,
				79BB739920DAB6F300AFAA49 /* multiPlay.swift */,
				7903794620D96790006D60D2 /* singlePlayer.swift */,
				79D98E8C20D85979004432D3 /* soccerPong.swift */,
				7903794820D96D83006D60D2 /* multiplayer.swift */,
				79BE0FA32034EEF4008FCC2F /* ball.swift */,
				795C2CDF1FFC216300D19BA9 /* soloPlayLauncher.swift */,
				79BB739D20DABB0100AFAA49 /* multiPlayLauncher.swift */,
				795C2CE11FFC216300D19BA9 /* Main.storyboard */,
				795C2CE41FFC216300D19BA9 /* Assets.xcassets */,
				795C2D0B1FFC234700D19BA9 /* Ball.png */,
				795C2CE61FFC216300D19BA9 /* LaunchScreen.storyboard */,
				795C2CE91FFC216300D19BA9 /* Info.plist */,
				791D42C220923AF8004A8275 /* playerSelection.swift */,
			);
			path = SoccerPong;
			sourceTree = "<group>";
		};
		795C2CF11FFC216300D19BA9 /* SoccerPongTests */ = {
			isa = PBXGroup;
			children = (
				795C2CF21FFC216300D19BA9 /* PongTests.swift */,
				795C2CF41FFC216300D19BA9 /* Info.plist */,
			);
			path = SoccerPongTests;
			sourceTree = "<group>";
		};
		795C2CFC1FFC216300D19BA9 /* SoccerPongUITests */ = {
			isa = PBXGroup;
			children = (
				795C2CFD1FFC216300D19BA9 /* PongUITests.swift */,
				795C2CFF1FFC216300D19BA9 /* Info.plist */,
			);
			path = SoccerPongUITests;
			sourceTree = "<group>";
		};
		90F71627AB3BF487945A83B3 /* Pods */ = {
			isa = PBXGroup;
			children = (
				DD13CA35522D18A6112AE50A /* Pods-SoccerPong.debug.xcconfig */,
				05428D5F5355287AE432C794 /* Pods-SoccerPong.release.xcconfig */,
				1F92EA2A373B1CB20952D9A8 /* Pods-SoccerPongTests.debug.xcconfig */,
				5EE85E170A80E6E8F319F4FB /* Pods-SoccerPongTests.release.xcconfig */,
				AF6188835F943A0F22FD2E3C /* Pods-SoccerPongUITests.debug.xcconfig */,
				E2308F32377B8EC3B4D75FF8 /* Pods-SoccerPongUITests.release.xcconfig */,
			);
			name = Pods;
			sourceTree = "<group>";
		};
		FA0D8E477D29C77CB47C71B3 /* Frameworks */ = {
			isa = PBXGroup;
			children = (
				EC45EFC8B3B57B12F63459D5 /* libPods-SoccerPong.a */,
				875C4CACBF394CB3A9B92368 /* libPods-SoccerPongTests.a */,
				4B70940312E81795164418F5 /* libPods-SoccerPongUITests.a */,
			);
			name = Frameworks;
			sourceTree = "<group>";
		};
/* End PBXGroup section */

/* Begin PBXNativeTarget section */
		795C2CD31FFC216300D19BA9 /* SoccerPong */ = {
			isa = PBXNativeTarget;
			buildConfigurationList = 795C2D021FFC216300D19BA9 /* Build configuration list for PBXNativeTarget "SoccerPong" */;
			buildPhases = (
				4B72EF50F2756B4F7A7C4394 /* [CP] Check Pods Manifest.lock */,
				795C2CD01FFC216300D19BA9 /* Sources */,
				795C2CD11FFC216300D19BA9 /* Frameworks */,
				795C2CD21FFC216300D19BA9 /* Resources */,
			);
			buildRules = (
			);
			dependencies = (
			);
			name = SoccerPong;
			productName = Pong;
			productReference = 795C2CD41FFC216300D19BA9 /* SoccerPong.app */;
			productType = "com.apple.product-type.application";
		};
		795C2CED1FFC216300D19BA9 /* SoccerPongTests */ = {
			isa = PBXNativeTarget;
			buildConfigurationList = 795C2D051FFC216300D19BA9 /* Build configuration list for PBXNativeTarget "SoccerPongTests" */;
			buildPhases = (
				40D8298A91FE531C13D7D6FE /* [CP] Check Pods Manifest.lock */,
				795C2CEA1FFC216300D19BA9 /* Sources */,
				795C2CEB1FFC216300D19BA9 /* Frameworks */,
				795C2CEC1FFC216300D19BA9 /* Resources */,
			);
			buildRules = (
			);
			dependencies = (
				795C2CF01FFC216300D19BA9 /* PBXTargetDependency */,
			);
			name = SoccerPongTests;
			productName = PongTests;
			productReference = 795C2CEE1FFC216300D19BA9 /* SoccerPongTests.xctest */;
			productType = "com.apple.product-type.bundle.unit-test";
		};
		795C2CF81FFC216300D19BA9 /* SoccerPongUITests */ = {
			isa = PBXNativeTarget;
			buildConfigurationList = 795C2D081FFC216300D19BA9 /* Build configuration list for PBXNativeTarget "SoccerPongUITests" */;
			buildPhases = (
				1EC3E73B4694A087559D691C /* [CP] Check Pods Manifest.lock */,
				795C2CF51FFC216300D19BA9 /* Sources */,
				795C2CF61FFC216300D19BA9 /* Frameworks */,
				795C2CF71FFC216300D19BA9 /* Resources */,
			);
			buildRules = (
			);
			dependencies = (
				795C2CFB1FFC216300D19BA9 /* PBXTargetDependency */,
			);
			name = SoccerPongUITests;
			productName = PongUITests;
			productReference = 795C2CF91FFC216300D19BA9 /* SoccerPongUITests.xctest */;
			productType = "com.apple.product-type.bundle.ui-testing";
		};
/* End PBXNativeTarget section */

/* Begin PBXProject section */
		795C2CCC1FFC216300D19BA9 /* Project object */ = {
			isa = PBXProject;
			attributes = {
				LastSwiftUpdateCheck = 0920;
				LastUpgradeCheck = 0930;
				ORGANIZATIONNAME = "james luo";
				TargetAttributes = {
					795C2CD31FFC216300D19BA9 = {
						CreatedOnToolsVersion = 9.2;
						ProvisioningStyle = Automatic;
						SystemCapabilities = {
							com.apple.GameCenter = {
								enabled = 0;
							};
						};
					};
					795C2CED1FFC216300D19BA9 = {
						CreatedOnToolsVersion = 9.2;
						ProvisioningStyle = Automatic;
						TestTargetID = 795C2CD31FFC216300D19BA9;
					};
					795C2CF81FFC216300D19BA9 = {
						CreatedOnToolsVersion = 9.2;
						ProvisioningStyle = Automatic;
						TestTargetID = 795C2CD31FFC216300D19BA9;
					};
				};
			};
			buildConfigurationList = 795C2CCF1FFC216300D19BA9 /* Build configuration list for PBXProject "SoccerPong" */;
			compatibilityVersion = "Xcode 8.0";
			developmentRegion = en;
			hasScannedForEncodings = 0;
			knownRegions = (
				en,
				Base,
			);
			mainGroup = 795C2CCB1FFC216300D19BA9;
			productRefGroup = 795C2CD51FFC216300D19BA9 /* Products */;
			projectDirPath = "";
			projectRoot = "";
			targets = (
				795C2CD31FFC216300D19BA9 /* SoccerPong */,
				795C2CED1FFC216300D19BA9 /* SoccerPongTests */,
				795C2CF81FFC216300D19BA9 /* SoccerPongUITests */,
			);
		};
/* End PBXProject section */

/* Begin PBXResourcesBuildPhase section */
		795C2CD21FFC216300D19BA9 /* Resources */ = {
			isa = PBXResourcesBuildPhase;
			buildActionMask = 2147483647;
			files = (
				795C2D0C1FFC234700D19BA9 /* Ball.png in Resources */,
				795C2CE31FFC216300D19BA9 /* Main.storyboard in Resources */,
				795C2CDA1FFC216300D19BA9 /* soloPlay.sks in Resources */,
				795C2CE51FFC216300D19BA9 /* Assets.xcassets in Resources */,
				79BB739C20DAB8B100AFAA49 /* multiPlayer.sks in Resources */,
				795C2CE81FFC216300D19BA9 /* LaunchScreen.storyboard in Resources */,
				795C2CDC1FFC216300D19BA9 /* Actions.sks in Resources */,
				791D42C1209238D6004A8275 /* GoogleService-Info.plist in Resources */,
			);
			runOnlyForDeploymentPostprocessing = 0;
		};
		795C2CEC1FFC216300D19BA9 /* Resources */ = {
			isa = PBXResourcesBuildPhase;
			buildActionMask = 2147483647;
			files = (
			);
			runOnlyForDeploymentPostprocessing = 0;
		};
		795C2CF71FFC216300D19BA9 /* Resources */ = {
			isa = PBXResourcesBuildPhase;
			buildActionMask = 2147483647;
			files = (
			);
			runOnlyForDeploymentPostprocessing = 0;
		};
/* End PBXResourcesBuildPhase section */

/* Begin PBXShellScriptBuildPhase section */
		1EC3E73B4694A087559D691C /* [CP] Check Pods Manifest.lock */ = {
			isa = PBXShellScriptBuildPhase;
			buildActionMask = 2147483647;
			files = (
			);
			inputPaths = (
				"${PODS_PODFILE_DIR_PATH}/Podfile.lock",
				"${PODS_ROOT}/Manifest.lock",
			);
			name = "[CP] Check Pods Manifest.lock";
			outputPaths = (
				"$(DERIVED_FILE_DIR)/Pods-SoccerPongUITests-checkManifestLockResult.txt",
			);
			runOnlyForDeploymentPostprocessing = 0;
			shellPath = /bin/sh;
			shellScript = "diff \"${PODS_PODFILE_DIR_PATH}/Podfile.lock\" \"${PODS_ROOT}/Manifest.lock\" > /dev/null\nif [ $? != 0 ] ; then\n    # print error to STDERR\n    echo \"error: The sandbox is not in sync with the Podfile.lock. Run 'pod install' or update your CocoaPods installation.\" >&2\n    exit 1\nfi\n# This output is used by Xcode 'outputs' to avoid re-running this script phase.\necho \"SUCCESS\" > \"${SCRIPT_OUTPUT_FILE_0}\"\n";
			showEnvVarsInLog = 0;
		};
		40D8298A91FE531C13D7D6FE /* [CP] Check Pods Manifest.lock */ = {
			isa = PBXShellScriptBuildPhase;
			buildActionMask = 2147483647;
			files = (
			);
			inputPaths = (
				"${PODS_PODFILE_DIR_PATH}/Podfile.lock",
				"${PODS_ROOT}/Manifest.lock",
			);
			name = "[CP] Check Pods Manifest.lock";
			outputPaths = (
				"$(DERIVED_FILE_DIR)/Pods-SoccerPongTests-checkManifestLockResult.txt",
			);
			runOnlyForDeploymentPostprocessing = 0;
			shellPath = /bin/sh;
			shellScript = "diff \"${PODS_PODFILE_DIR_PATH}/Podfile.lock\" \"${PODS_ROOT}/Manifest.lock\" > /dev/null\nif [ $? != 0 ] ; then\n    # print error to STDERR\n    echo \"error: The sandbox is not in sync with the Podfile.lock. Run 'pod install' or update your CocoaPods installation.\" >&2\n    exit 1\nfi\n# This output is used by Xcode 'outputs' to avoid re-running this script phase.\necho \"SUCCESS\" > \"${SCRIPT_OUTPUT_FILE_0}\"\n";
			showEnvVarsInLog = 0;
		};
		4B72EF50F2756B4F7A7C4394 /* [CP] Check Pods Manifest.lock */ = {
			isa = PBXShellScriptBuildPhase;
			buildActionMask = 2147483647;
			files = (
			);
			inputPaths = (
				"${PODS_PODFILE_DIR_PATH}/Podfile.lock",
				"${PODS_ROOT}/Manifest.lock",
			);
			name = "[CP] Check Pods Manifest.lock";
			outputPaths = (
				"$(DERIVED_FILE_DIR)/Pods-SoccerPong-checkManifestLockResult.txt",
			);
			runOnlyForDeploymentPostprocessing = 0;
			shellPath = /bin/sh;
			shellScript = "diff \"${PODS_PODFILE_DIR_PATH}/Podfile.lock\" \"${PODS_ROOT}/Manifest.lock\" > /dev/null\nif [ $? != 0 ] ; then\n    # print error to STDERR\n    echo \"error: The sandbox is not in sync with the Podfile.lock. Run 'pod install' or update your CocoaPods installation.\" >&2\n    exit 1\nfi\n# This output is used by Xcode 'outputs' to avoid re-running this script phase.\necho \"SUCCESS\" > \"${SCRIPT_OUTPUT_FILE_0}\"\n";
			showEnvVarsInLog = 0;
		};
/* End PBXShellScriptBuildPhase section */

/* Begin PBXSourcesBuildPhase section */
		795C2CD01FFC216300D19BA9 /* Sources */ = {
			isa = PBXSourcesBuildPhase;
			buildActionMask = 2147483647;
			files = (
				79D98E8D20D85979004432D3 /* soccerPong.swift in Sources */,
				7903794920D96D83006D60D2 /* multiplayer.swift in Sources */,
				79BB739E20DABB0100AFAA49 /* multiPlayLauncher.swift in Sources */,
				795C2CDE1FFC216300D19BA9 /* soloPlay.swift in Sources */,
				791D42C320923AF8004A8275 /* playerSelection.swift in Sources */,
				795C2CE01FFC216300D19BA9 /* soloPlayLauncher.swift in Sources */,
				7903794720D96790006D60D2 /* singlePlayer.swift in Sources */,
				798CD93E200F1DF6008290B4 /* menu.swift in Sources */,
				79BB739A20DAB6F300AFAA49 /* multiPlay.swift in Sources */,
				795C2CD81FFC216300D19BA9 /* AppDelegate.swift in Sources */,
				79BE0FA42034EEF4008FCC2F /* ball.swift in Sources */,
			);
			runOnlyForDeploymentPostprocessing = 0;
		};
		795C2CEA1FFC216300D19BA9 /* Sources */ = {
			isa = PBXSourcesBuildPhase;
			buildActionMask = 2147483647;
			files = (
				795C2CF31FFC216300D19BA9 /* PongTests.swift in Sources */,
			);
			runOnlyForDeploymentPostprocessing = 0;
		};
		795C2CF51FFC216300D19BA9 /* Sources */ = {
			isa = PBXSourcesBuildPhase;
			buildActionMask = 2147483647;
			files = (
				795C2CFE1FFC216300D19BA9 /* PongUITests.swift in Sources */,
			);
			runOnlyForDeploymentPostprocessing = 0;
		};
/* End PBXSourcesBuildPhase section */

/* Begin PBXTargetDependency section */
		795C2CF01FFC216300D19BA9 /* PBXTargetDependency */ = {
			isa = PBXTargetDependency;
			target = 795C2CD31FFC216300D19BA9 /* SoccerPong */;
			targetProxy = 795C2CEF1FFC216300D19BA9 /* PBXContainerItemProxy */;
		};
		795C2CFB1FFC216300D19BA9 /* PBXTargetDependency */ = {
			isa = PBXTargetDependency;
			target = 795C2CD31FFC216300D19BA9 /* SoccerPong */;
			targetProxy = 795C2CFA1FFC216300D19BA9 /* PBXContainerItemProxy */;
		};
/* End PBXTargetDependency section */

/* Begin PBXVariantGroup section */
		795C2CE11FFC216300D19BA9 /* Main.storyboard */ = {
			isa = PBXVariantGroup;
			children = (
				795C2CE21FFC216300D19BA9 /* Base */,
			);
			name = Main.storyboard;
			sourceTree = "<group>";
		};
		795C2CE61FFC216300D19BA9 /* LaunchScreen.storyboard */ = {
			isa = PBXVariantGroup;
			children = (
				795C2CE71FFC216300D19BA9 /* Base */,
			);
			name = LaunchScreen.storyboard;
			sourceTree = "<group>";
		};
/* End PBXVariantGroup section */

/* Begin XCBuildConfiguration section */
		795C2D001FFC216300D19BA9 /* Debug */ = {
			isa = XCBuildConfiguration;
			buildSettings = {
				ALWAYS_SEARCH_USER_PATHS = NO;
				CLANG_ANALYZER_NONNULL = YES;
				CLANG_ANALYZER_NUMBER_OBJECT_CONVERSION = YES_AGGRESSIVE;
				CLANG_CXX_LANGUAGE_STANDARD = "gnu++14";
				CLANG_CXX_LIBRARY = "libc++";
				CLANG_ENABLE_MODULES = YES;
				CLANG_ENABLE_OBJC_ARC = YES;
				CLANG_WARN_BLOCK_CAPTURE_AUTORELEASING = YES;
				CLANG_WARN_BOOL_CONVERSION = YES;
				CLANG_WARN_COMMA = YES;
				CLANG_WARN_CONSTANT_CONVERSION = YES;
				CLANG_WARN_DEPRECATED_OBJC_IMPLEMENTATIONS = YES;
				CLANG_WARN_DIRECT_OBJC_ISA_USAGE = YES_ERROR;
				CLANG_WARN_DOCUMENTATION_COMMENTS = YES;
				CLANG_WARN_EMPTY_BODY = YES;
				CLANG_WARN_ENUM_CONVERSION = YES;
				CLANG_WARN_INFINITE_RECURSION = YES;
				CLANG_WARN_INT_CONVERSION = YES;
				CLANG_WARN_NON_LITERAL_NULL_CONVERSION = YES;
				CLANG_WARN_OBJC_IMPLICIT_RETAIN_SELF = YES;
				CLANG_WARN_OBJC_LITERAL_CONVERSION = YES;
				CLANG_WARN_OBJC_ROOT_CLASS = YES_ERROR;
				CLANG_WARN_RANGE_LOOP_ANALYSIS = YES;
				CLANG_WARN_STRICT_PROTOTYPES = YES;
				CLANG_WARN_SUSPICIOUS_MOVE = YES;
				CLANG_WARN_UNGUARDED_AVAILABILITY = YES_AGGRESSIVE;
				CLANG_WARN_UNREACHABLE_CODE = YES;
				CLANG_WARN__DUPLICATE_METHOD_MATCH = YES;
				CODE_SIGN_IDENTITY = "iPhone Developer";
				COPY_PHASE_STRIP = NO;
				DEBUG_INFORMATION_FORMAT = dwarf;
				ENABLE_STRICT_OBJC_MSGSEND = YES;
				ENABLE_TESTABILITY = YES;
				GCC_C_LANGUAGE_STANDARD = gnu11;
				GCC_DYNAMIC_NO_PIC = NO;
				GCC_NO_COMMON_BLOCKS = YES;
				GCC_OPTIMIZATION_LEVEL = 0;
				GCC_PREPROCESSOR_DEFINITIONS = (
					"DEBUG=1",
					"$(inherited)",
				);
				GCC_WARN_64_TO_32_BIT_CONVERSION = YES;
				GCC_WARN_ABOUT_RETURN_TYPE = YES_ERROR;
				GCC_WARN_UNDECLARED_SELECTOR = YES;
				GCC_WARN_UNINITIALIZED_AUTOS = YES_AGGRESSIVE;
				GCC_WARN_UNUSED_FUNCTION = YES;
				GCC_WARN_UNUSED_VARIABLE = YES;
				IPHONEOS_DEPLOYMENT_TARGET = 11.2;
				MTL_ENABLE_DEBUG_INFO = YES;
				ONLY_ACTIVE_ARCH = YES;
				SDKROOT = iphoneos;
				SWIFT_ACTIVE_COMPILATION_CONDITIONS = DEBUG;
				SWIFT_OPTIMIZATION_LEVEL = "-Owholemodule";
			};
			name = Debug;
		};
		795C2D011FFC216300D19BA9 /* Release */ = {
			isa = XCBuildConfiguration;
			buildSettings = {
				ALWAYS_SEARCH_USER_PATHS = NO;
				CLANG_ANALYZER_NONNULL = YES;
				CLANG_ANALYZER_NUMBER_OBJECT_CONVERSION = YES_AGGRESSIVE;
				CLANG_CXX_LANGUAGE_STANDARD = "gnu++14";
				CLANG_CXX_LIBRARY = "libc++";
				CLANG_ENABLE_MODULES = YES;
				CLANG_ENABLE_OBJC_ARC = YES;
				CLANG_WARN_BLOCK_CAPTURE_AUTORELEASING = YES;
				CLANG_WARN_BOOL_CONVERSION = YES;
				CLANG_WARN_COMMA = YES;
				CLANG_WARN_CONSTANT_CONVERSION = YES;
				CLANG_WARN_DEPRECATED_OBJC_IMPLEMENTATIONS = YES;
				CLANG_WARN_DIRECT_OBJC_ISA_USAGE = YES_ERROR;
				CLANG_WARN_DOCUMENTATION_COMMENTS = YES;
				CLANG_WARN_EMPTY_BODY = YES;
				CLANG_WARN_ENUM_CONVERSION = YES;
				CLANG_WARN_INFINITE_RECURSION = YES;
				CLANG_WARN_INT_CONVERSION = YES;
				CLANG_WARN_NON_LITERAL_NULL_CONVERSION = YES;
				CLANG_WARN_OBJC_IMPLICIT_RETAIN_SELF = YES;
				CLANG_WARN_OBJC_LITERAL_CONVERSION = YES;
				CLANG_WARN_OBJC_ROOT_CLASS = YES_ERROR;
				CLANG_WARN_RANGE_LOOP_ANALYSIS = YES;
				CLANG_WARN_STRICT_PROTOTYPES = YES;
				CLANG_WARN_SUSPICIOUS_MOVE = YES;
				CLANG_WARN_UNGUARDED_AVAILABILITY = YES_AGGRESSIVE;
				CLANG_WARN_UNREACHABLE_CODE = YES;
				CLANG_WARN__DUPLICATE_METHOD_MATCH = YES;
				CODE_SIGN_IDENTITY = "iPhone Developer";
				COPY_PHASE_STRIP = NO;
				DEBUG_INFORMATION_FORMAT = "dwarf-with-dsym";
				ENABLE_NS_ASSERTIONS = NO;
				ENABLE_STRICT_OBJC_MSGSEND = YES;
				GCC_C_LANGUAGE_STANDARD = gnu11;
				GCC_NO_COMMON_BLOCKS = YES;
				GCC_WARN_64_TO_32_BIT_CONVERSION = YES;
				GCC_WARN_ABOUT_RETURN_TYPE = YES_ERROR;
				GCC_WARN_UNDECLARED_SELECTOR = YES;
				GCC_WARN_UNINITIALIZED_AUTOS = YES_AGGRESSIVE;
				GCC_WARN_UNUSED_FUNCTION = YES;
				GCC_WARN_UNUSED_VARIABLE = YES;
				IPHONEOS_DEPLOYMENT_TARGET = 11.2;
				MTL_ENABLE_DEBUG_INFO = NO;
				ONLY_ACTIVE_ARCH = YES;
				SDKROOT = iphoneos;
				SWIFT_COMPILATION_MODE = wholemodule;
				SWIFT_OPTIMIZATION_LEVEL = "-Onone";
				VALIDATE_PRODUCT = YES;
			};
			name = Release;
		};
		795C2D031FFC216300D19BA9 /* Debug */ = {
			isa = XCBuildConfiguration;
			baseConfigurationReference = DD13CA35522D18A6112AE50A /* Pods-SoccerPong.debug.xcconfig */;
			buildSettings = {
				ASSETCATALOG_COMPILER_APPICON_NAME = AppIcon;
				CLANG_USE_OPTIMIZATION_PROFILE = YES;
				CODE_SIGN_STYLE = Automatic;
				DEVELOPMENT_TEAM = TCL5NNKKA5;
				INFOPLIST_FILE = "$(SRCROOT)/SoccerPong/Info.plist";
				IPHONEOS_DEPLOYMENT_TARGET = 10.0;
				LD_RUNPATH_SEARCH_PATHS = "$(inherited) @executable_path/Frameworks";
				PRODUCT_BUNDLE_IDENTIFIER = acm.spong;
				PRODUCT_NAME = "$(TARGET_NAME)";
				SDKROOT = iphoneos;
				SWIFT_VERSION = 4.0;
				TARGETED_DEVICE_FAMILY = "1,2";
			};
			name = Debug;
		};
		795C2D041FFC216300D19BA9 /* Release */ = {
			isa = XCBuildConfiguration;
			baseConfigurationReference = 05428D5F5355287AE432C794 /* Pods-SoccerPong.release.xcconfig */;
			buildSettings = {
				ASSETCATALOG_COMPILER_APPICON_NAME = AppIcon;
				CLANG_USE_OPTIMIZATION_PROFILE = YES;
				CODE_SIGN_STYLE = Automatic;
				DEVELOPMENT_TEAM = TCL5NNKKA5;
				INFOPLIST_FILE = "$(SRCROOT)/SoccerPong/Info.plist";
				IPHONEOS_DEPLOYMENT_TARGET = 10.0;
				LD_RUNPATH_SEARCH_PATHS = "$(inherited) @executable_path/Frameworks";
				PRODUCT_BUNDLE_IDENTIFIER = acm.spong;
				PRODUCT_NAME = "$(TARGET_NAME)";
				SDKROOT = iphoneos;
				SWIFT_VERSION = 4.0;
				TARGETED_DEVICE_FAMILY = "1,2";
			};
			name = Release;
		};
		795C2D061FFC216300D19BA9 /* Debug */ = {
			isa = XCBuildConfiguration;
			baseConfigurationReference = 1F92EA2A373B1CB20952D9A8 /* Pods-SoccerPongTests.debug.xcconfig */;
			buildSettings = {
				ALWAYS_EMBED_SWIFT_STANDARD_LIBRARIES = YES;
				BUNDLE_LOADER = "$(TEST_HOST)";
				CODE_SIGN_STYLE = Automatic;
				DEVELOPMENT_TEAM = 8RS9W23TVG;
				INFOPLIST_FILE = PongTests/Info.plist;
				LD_RUNPATH_SEARCH_PATHS = "$(inherited) @executable_path/Frameworks @loader_path/Frameworks";
				PRODUCT_BUNDLE_IDENTIFIER = jl.PongTests;
				PRODUCT_NAME = "$(TARGET_NAME)";
				SWIFT_VERSION = 4.0;
				TARGETED_DEVICE_FAMILY = "1,2";
				TEST_HOST = "$(BUILT_PRODUCTS_DIR)/SoccerPong.app/SoccerPong";
			};
			name = Debug;
		};
		795C2D071FFC216300D19BA9 /* Release */ = {
			isa = XCBuildConfiguration;
			baseConfigurationReference = 5EE85E170A80E6E8F319F4FB /* Pods-SoccerPongTests.release.xcconfig */;
			buildSettings = {
				ALWAYS_EMBED_SWIFT_STANDARD_LIBRARIES = YES;
				BUNDLE_LOADER = "$(TEST_HOST)";
				CODE_SIGN_STYLE = Automatic;
				DEVELOPMENT_TEAM = 8RS9W23TVG;
				INFOPLIST_FILE = PongTests/Info.plist;
				LD_RUNPATH_SEARCH_PATHS = "$(inherited) @executable_path/Frameworks @loader_path/Frameworks";
				PRODUCT_BUNDLE_IDENTIFIER = jl.PongTests;
				PRODUCT_NAME = "$(TARGET_NAME)";
				SWIFT_VERSION = 4.0;
				TARGETED_DEVICE_FAMILY = "1,2";
				TEST_HOST = "$(BUILT_PRODUCTS_DIR)/SoccerPong.app/SoccerPong";
			};
			name = Release;
		};
		795C2D091FFC216300D19BA9 /* Debug */ = {
			isa = XCBuildConfiguration;
			baseConfigurationReference = AF6188835F943A0F22FD2E3C /* Pods-SoccerPongUITests.debug.xcconfig */;
			buildSettings = {
				ALWAYS_EMBED_SWIFT_STANDARD_LIBRARIES = YES;
				CODE_SIGN_STYLE = Automatic;
				DEVELOPMENT_TEAM = 8RS9W23TVG;
				INFOPLIST_FILE = PongUITests/Info.plist;
				LD_RUNPATH_SEARCH_PATHS = "$(inherited) @executable_path/Frameworks @loader_path/Frameworks";
				PRODUCT_BUNDLE_IDENTIFIER = jl.PongUITests;
				PRODUCT_NAME = "$(TARGET_NAME)";
				SWIFT_VERSION = 4.0;
				TARGETED_DEVICE_FAMILY = "1,2";
				TEST_TARGET_NAME = Pong;
			};
			name = Debug;
		};
		795C2D0A1FFC216300D19BA9 /* Release */ = {
			isa = XCBuildConfiguration;
			baseConfigurationReference = E2308F32377B8EC3B4D75FF8 /* Pods-SoccerPongUITests.release.xcconfig */;
			buildSettings = {
				ALWAYS_EMBED_SWIFT_STANDARD_LIBRARIES = YES;
				CODE_SIGN_STYLE = Automatic;
				DEVELOPMENT_TEAM = 8RS9W23TVG;
				INFOPLIST_FILE = PongUITests/Info.plist;
				LD_RUNPATH_SEARCH_PATHS = "$(inherited) @executable_path/Frameworks @loader_path/Frameworks";
				PRODUCT_BUNDLE_IDENTIFIER = jl.PongUITests;
				PRODUCT_NAME = "$(TARGET_NAME)";
				SWIFT_VERSION = 4.0;
				TARGETED_DEVICE_FAMILY = "1,2";
				TEST_TARGET_NAME = Pong;
			};
			name = Release;
		};
/* End XCBuildConfiguration section */

/* Begin XCConfigurationList section */
		795C2CCF1FFC216300D19BA9 /* Build configuration list for PBXProject "SoccerPong" */ = {
			isa = XCConfigurationList;
			buildConfigurations = (
				795C2D001FFC216300D19BA9 /* Debug */,
				795C2D011FFC216300D19BA9 /* Release */,
			);
			defaultConfigurationIsVisible = 0;
			defaultConfigurationName = Release;
		};
		795C2D021FFC216300D19BA9 /* Build configuration list for PBXNativeTarget "SoccerPong" */ = {
			isa = XCConfigurationList;
			buildConfigurations = (
				795C2D031FFC216300D19BA9 /* Debug */,
				795C2D041FFC216300D19BA9 /* Release */,
			);
			defaultConfigurationIsVisible = 0;
			defaultConfigurationName = Release;
		};
		795C2D051FFC216300D19BA9 /* Build configuration list for PBXNativeTarget "SoccerPongTests" */ = {
			isa = XCConfigurationList;
			buildConfigurations = (
				795C2D061FFC216300D19BA9 /* Debug */,
				795C2D071FFC216300D19BA9 /* Release */,
			);
			defaultConfigurationIsVisible = 0;
			defaultConfigurationName = Release;
		};
		795C2D081FFC216300D19BA9 /* Build configuration list for PBXNativeTarget "SoccerPongUITests" */ = {
			isa = XCConfigurationList;
			buildConfigurations = (
				795C2D091FFC216300D19BA9 /* Debug */,
				795C2D0A1FFC216300D19BA9 /* Release */,
			);
			defaultConfigurationIsVisible = 0;
			defaultConfigurationName = Release;
		};
/* End XCConfigurationList section */
	};
	rootObject = 795C2CCC1FFC216300D19BA9 /* Project object */;
}
